PODS:
  - AWSAuthCore (2.35.0):
    - AWSCore (= 2.35.0)
  - AWSCognitoIdentityProvider (2.35.0):
    - AWSCognitoIdentityProviderASF (= 2.35.0)
    - AWSCore (= 2.35.0)
  - AWSCognitoIdentityProviderASF (2.35.0):
    - AWSCore (= 2.35.0)
  - AWSCore (2.35.0)
  - AWSMobileClient (2.35.0):
    - AWSAuthCore (= 2.35.0)
    - AWSCognitoIdentityProvider (= 2.35.0)
    - AWSCognitoIdentityProviderASF (= 2.35.0)
    - AWSCore (= 2.35.0)
  - AWSSNS (2.35.0):
    - AWSCore (= 2.35.0)

DEPENDENCIES:
  - AWSMobileClient
  - AWSSNS

SPEC REPOS:
  trunk:
    - AWSAuthCore
    - AWSCognitoIdentityProvider
    - AWSCognitoIdentityProviderASF
    - AWSCore
    - AWSMobileClient
    - AWSSNS

SPEC CHECKSUMS:
  AWSAuthCore: aa5090b8d86389f958c5b916f14dc218b0c20f8e
  AWSCognitoIdentityProvider: b4c4d7d78782d62636cb3edfed71472dffe5e6d6
  AWSCognitoIdentityProviderASF: 295cac5c59c71c1494a3bac437f4c6284b9a73d3
  AWSCore: f644b48f9508301ba5d2692b5a0c418ca47e1673
  AWSMobileClient: 6c00da79fef9fcb63311b9b2e2abb7cf45fc7ccd
  AWSSNS: 6f9c880aecc2e112b8efe2a66893ce9f1fadc984

PODFILE CHECKSUM: 980ce79b45ab23f2f038c39b872b79f8b99dd8a4

COCOAPODS: 1.16.2
