// !$*UTF8*$!
{
	archiveVersion = 1;
	classes = {
	};
	objectVersion = 77;
	objects = {

/* Begin PBXBuildFile section */
		1D692421E15DF5767E0E8B3E /* Pods_DisasterAlertAppTests.framework in Frameworks */ = {isa = PBXBuildFile; fileRef = 2F550A37F1FC5A2958C9CA1E /* Pods_DisasterAlertAppTests.framework */; };
		44FA8F812D0C11EC0026C9F1 /* Pods_DisasterAlertApp.framework in Frameworks */ = {isa = PBXBuildFile; fileRef = 73865E9C4DA12D9493E87F18 /* Pods_DisasterAlertApp.framework */; platformFilter = ios; };
		44FA8F822D0C11EC0026C9F1 /* Pods_DisasterAlertApp.framework in Embed Frameworks */ = {isa = PBXBuildFile; fileRef = 73865E9C4DA12D9493E87F18 /* Pods_DisasterAlertApp.framework */; platformFilter = ios; settings = {ATTRIBUTES = (CodeSignOnCopy, RemoveHeadersOnCopy, ); }; };
		458DA95B4FD1173D5B433FB3 /* Pods_DisasterAlertApp_DisasterAlertAppUITests.framework in Frameworks */ = {isa = PBXBuildFile; fileRef = AF8561EF7AE4C8A949825B90 /* Pods_DisasterAlertApp_DisasterAlertAppUITests.framework */; };
/* End PBXBuildFile section */

/* Begin PBXContainerItemProxy section */
		44FA8F452D0C10650026C9F1 /* PBXContainerItemProxy */ = {
			isa = PBXContainerItemProxy;
			containerPortal = 44FA8F2B2D0C105F0026C9F1 /* Project object */;
			proxyType = 1;
			remoteGlobalIDString = 44FA8F322D0C105F0026C9F1;
			remoteInfo = DisasterAlertApp;
		};
		44FA8F4F2D0C10650026C9F1 /* PBXContainerItemProxy */ = {
			isa = PBXContainerItemProxy;
			containerPortal = 44FA8F2B2D0C105F0026C9F1 /* Project object */;
			proxyType = 1;
			remoteGlobalIDString = 44FA8F322D0C105F0026C9F1;
			remoteInfo = DisasterAlertApp;
		};
/* End PBXContainerItemProxy section */

/* Begin PBXCopyFilesBuildPhase section */
		44FA8F832D0C11EC0026C9F1 /* Embed Frameworks */ = {
			isa = PBXCopyFilesBuildPhase;
			buildActionMask = 2147483647;
			dstPath = "";
			dstSubfolderSpec = 10;
			files = (
				44FA8F822D0C11EC0026C9F1 /* Pods_DisasterAlertApp.framework in Embed Frameworks */,
			);
			name = "Embed Frameworks";
			runOnlyForDeploymentPostprocessing = 0;
		};
/* End PBXCopyFilesBuildPhase section */

/* Begin PBXFileReference section */
		2F550A37F1FC5A2958C9CA1E /* Pods_DisasterAlertAppTests.framework */ = {isa = PBXFileReference; explicitFileType = wrapper.framework; includeInIndex = 0; path = Pods_DisasterAlertAppTests.framework; sourceTree = BUILT_PRODUCTS_DIR; };
		44FA8F332D0C105F0026C9F1 /* DisasterAlertApp.app */ = {isa = PBXFileReference; explicitFileType = wrapper.application; includeInIndex = 0; path = DisasterAlertApp.app; sourceTree = BUILT_PRODUCTS_DIR; };
		44FA8F442D0C10650026C9F1 /* DisasterAlertAppTests.xctest */ = {isa = PBXFileReference; explicitFileType = wrapper.cfbundle; includeInIndex = 0; path = DisasterAlertAppTests.xctest; sourceTree = BUILT_PRODUCTS_DIR; };
		44FA8F4E2D0C10650026C9F1 /* DisasterAlertAppUITests.xctest */ = {isa = PBXFileReference; explicitFileType = wrapper.cfbundle; includeInIndex = 0; path = DisasterAlertAppUITests.xctest; sourceTree = BUILT_PRODUCTS_DIR; };
		4DC2AAA6F8F1CEF6AC74647D /* Pods-DisasterAlertApp-DisasterAlertAppUITests.release.xcconfig */ = {isa = PBXFileReference; includeInIndex = 1; lastKnownFileType = text.xcconfig; name = "Pods-DisasterAlertApp-DisasterAlertAppUITests.release.xcconfig"; path = "Target Support Files/Pods-DisasterAlertApp-DisasterAlertAppUITests/Pods-DisasterAlertApp-DisasterAlertAppUITests.release.xcconfig"; sourceTree = "<group>"; };
		68F9F5987111A2590271DD17 /* Pods-DisasterAlertAppTests.debug.xcconfig */ = {isa = PBXFileReference; includeInIndex = 1; lastKnownFileType = text.xcconfig; name = "Pods-DisasterAlertAppTests.debug.xcconfig"; path = "Target Support Files/Pods-DisasterAlertAppTests/Pods-DisasterAlertAppTests.debug.xcconfig"; sourceTree = "<group>"; };
		73865E9C4DA12D9493E87F18 /* Pods_DisasterAlertApp.framework */ = {isa = PBXFileReference; explicitFileType = wrapper.framework; includeInIndex = 0; path = Pods_DisasterAlertApp.framework; sourceTree = BUILT_PRODUCTS_DIR; };
		956A0AB5DC41BD24CAAD9631 /* Pods-DisasterAlertApp.release.xcconfig */ = {isa = PBXFileReference; includeInIndex = 1; lastKnownFileType = text.xcconfig; name = "Pods-DisasterAlertApp.release.xcconfig"; path = "Target Support Files/Pods-DisasterAlertApp/Pods-DisasterAlertApp.release.xcconfig"; sourceTree = "<group>"; };
		A291B9365A56C07BF47626FA /* Pods-DisasterAlertApp.debug.xcconfig */ = {isa = PBXFileReference; includeInIndex = 1; lastKnownFileType = text.xcconfig; name = "Pods-DisasterAlertApp.debug.xcconfig"; path = "Target Support Files/Pods-DisasterAlertApp/Pods-DisasterAlertApp.debug.xcconfig"; sourceTree = "<group>"; };
		AF8561EF7AE4C8A949825B90 /* Pods_DisasterAlertApp_DisasterAlertAppUITests.framework */ = {isa = PBXFileReference; explicitFileType = wrapper.framework; includeInIndex = 0; path = Pods_DisasterAlertApp_DisasterAlertAppUITests.framework; sourceTree = BUILT_PRODUCTS_DIR; };
		BEB957AD6689D64F16348B92 /* Pods-DisasterAlertApp-DisasterAlertAppUITests.debug.xcconfig */ = {isa = PBXFileReference; includeInIndex = 1; lastKnownFileType = text.xcconfig; name = "Pods-DisasterAlertApp-DisasterAlertAppUITests.debug.xcconfig"; path = "Target Support Files/Pods-DisasterAlertApp-DisasterAlertAppUITests/Pods-DisasterAlertApp-DisasterAlertAppUITests.debug.xcconfig"; sourceTree = "<group>"; };
		CE9A832EDF710A87D8F8A0CB /* Pods-DisasterAlertAppTests.release.xcconfig */ = {isa = PBXFileReference; includeInIndex = 1; lastKnownFileType = text.xcconfig; name = "Pods-DisasterAlertAppTests.release.xcconfig"; path = "Target Support Files/Pods-DisasterAlertAppTests/Pods-DisasterAlertAppTests.release.xcconfig"; sourceTree = "<group>"; };
/* End PBXFileReference section */

/* Begin PBXFileSystemSynchronizedRootGroup section */
		44FA8F352D0C105F0026C9F1 /* DisasterAlertApp */ = {
			isa = PBXFileSystemSynchronizedRootGroup;
			path = DisasterAlertApp;
			sourceTree = "<group>";
		};
		44FA8F472D0C10650026C9F1 /* DisasterAlertAppTests */ = {
			isa = PBXFileSystemSynchronizedRootGroup;
			path = DisasterAlertAppTests;
			sourceTree = "<group>";
		};
		44FA8F512D0C10650026C9F1 /* DisasterAlertAppUITests */ = {
			isa = PBXFileSystemSynchronizedRootGroup;
			path = DisasterAlertAppUITests;
			sourceTree = "<group>";
		};
/* End PBXFileSystemSynchronizedRootGroup section */

/* Begin PBXFrameworksBuildPhase section */
		44FA8F302D0C105F0026C9F1 /* Frameworks */ = {
			isa = PBXFrameworksBuildPhase;
			buildActionMask = 2147483647;
			files = (
				44FA8F812D0C11EC0026C9F1 /* Pods_DisasterAlertApp.framework in Frameworks */,
			);
			runOnlyForDeploymentPostprocessing = 0;
		};
		44FA8F412D0C10650026C9F1 /* Frameworks */ = {
			isa = PBXFrameworksBuildPhase;
			buildActionMask = 2147483647;
			files = (
				1D692421E15DF5767E0E8B3E /* Pods_DisasterAlertAppTests.framework in Frameworks */,
			);
			runOnlyForDeploymentPostprocessing = 0;
		};
		44FA8F4B2D0C10650026C9F1 /* Frameworks */ = {
			isa = PBXFrameworksBuildPhase;
			buildActionMask = 2147483647;
			files = (
				458DA95B4FD1173D5B433FB3 /* Pods_DisasterAlertApp_DisasterAlertAppUITests.framework in Frameworks */,
			);
			runOnlyForDeploymentPostprocessing = 0;
		};
/* End PBXFrameworksBuildPhase section */

/* Begin PBXGroup section */
		40FEFE7BBC5001EFF4C27A36 /* Pods */ = {
			isa = PBXGroup;
			children = (
				A291B9365A56C07BF47626FA /* Pods-DisasterAlertApp.debug.xcconfig */,
				956A0AB5DC41BD24CAAD9631 /* Pods-DisasterAlertApp.release.xcconfig */,
				BEB957AD6689D64F16348B92 /* Pods-DisasterAlertApp-DisasterAlertAppUITests.debug.xcconfig */,
				4DC2AAA6F8F1CEF6AC74647D /* Pods-DisasterAlertApp-DisasterAlertAppUITests.release.xcconfig */,
				68F9F5987111A2590271DD17 /* Pods-DisasterAlertAppTests.debug.xcconfig */,
				CE9A832EDF710A87D8F8A0CB /* Pods-DisasterAlertAppTests.release.xcconfig */,
			);
			path = Pods;
			sourceTree = "<group>";
		};
		44FA8F2A2D0C105F0026C9F1 = {
			isa = PBXGroup;
			children = (
				44FA8F352D0C105F0026C9F1 /* DisasterAlertApp */,
				44FA8F472D0C10650026C9F1 /* DisasterAlertAppTests */,
				44FA8F512D0C10650026C9F1 /* DisasterAlertAppUITests */,
				44FA8F342D0C105F0026C9F1 /* Products */,
				40FEFE7BBC5001EFF4C27A36 /* Pods */,
				E6043CE35610EE807CC29031 /* Frameworks */,
			);
			sourceTree = "<group>";
		};
		44FA8F342D0C105F0026C9F1 /* Products */ = {
			isa = PBXGroup;
			children = (
				44FA8F332D0C105F0026C9F1 /* DisasterAlertApp.app */,
				44FA8F442D0C10650026C9F1 /* DisasterAlertAppTests.xctest */,
				44FA8F4E2D0C10650026C9F1 /* DisasterAlertAppUITests.xctest */,
			);
			name = Products;
			sourceTree = "<group>";
		};
		E6043CE35610EE807CC29031 /* Frameworks */ = {
			isa = PBXGroup;
			children = (
				73865E9C4DA12D9493E87F18 /* Pods_DisasterAlertApp.framework */,
				AF8561EF7AE4C8A949825B90 /* Pods_DisasterAlertApp_DisasterAlertAppUITests.framework */,
				2F550A37F1FC5A2958C9CA1E /* Pods_DisasterAlertAppTests.framework */,
			);
			name = Frameworks;
			sourceTree = "<group>";
		};
/* End PBXGroup section */

/* Begin PBXNativeTarget section */
		44FA8F322D0C105F0026C9F1 /* DisasterAlertApp */ = {
			isa = PBXNativeTarget;
			buildConfigurationList = 44FA8F582D0C10650026C9F1 /* Build configuration list for PBXNativeTarget "DisasterAlertApp" */;
			buildPhases = (
				43A127A2D0105F41B171DF8D /* [CP] Check Pods Manifest.lock */,
				44FA8F2F2D0C105F0026C9F1 /* Sources */,
				44FA8F302D0C105F0026C9F1 /* Frameworks */,
				44FA8F312D0C105F0026C9F1 /* Resources */,
				F08485FCDFAB8F89CBDD2B61 /* [CP] Embed Pods Frameworks */,
				44FA8F832D0C11EC0026C9F1 /* Embed Frameworks */,
			);
			buildRules = (
			);
			dependencies = (
			);
			fileSystemSynchronizedGroups = (
				44FA8F352D0C105F0026C9F1 /* DisasterAlertApp */,
			);
			name = DisasterAlertApp;
			productName = DisasterAlertApp;
			productReference = 44FA8F332D0C105F0026C9F1 /* DisasterAlertApp.app */;
			productType = "com.apple.product-type.application";
		};
		44FA8F432D0C10650026C9F1 /* DisasterAlertAppTests */ = {
			isa = PBXNativeTarget;
			buildConfigurationList = 44FA8F5B2D0C10650026C9F1 /* Build configuration list for PBXNativeTarget "DisasterAlertAppTests" */;
			buildPhases = (
				FF0899845028901EE91D0B45 /* [CP] Check Pods Manifest.lock */,
				44FA8F402D0C10650026C9F1 /* Sources */,
				44FA8F412D0C10650026C9F1 /* Frameworks */,
				44FA8F422D0C10650026C9F1 /* Resources */,
			);
			buildRules = (
			);
			dependencies = (
				44FA8F462D0C10650026C9F1 /* PBXTargetDependency */,
			);
			fileSystemSynchronizedGroups = (
				44FA8F472D0C10650026C9F1 /* DisasterAlertAppTests */,
			);
			name = DisasterAlertAppTests;
			productName = DisasterAlertAppTests;
			productReference = 44FA8F442D0C10650026C9F1 /* DisasterAlertAppTests.xctest */;
			productType = "com.apple.product-type.bundle.unit-test";
		};
		44FA8F4D2D0C10650026C9F1 /* DisasterAlertAppUITests */ = {
			isa = PBXNativeTarget;
			buildConfigurationList = 44FA8F5E2D0C10650026C9F1 /* Build configuration list for PBXNativeTarget "DisasterAlertAppUITests" */;
			buildPhases = (
				158223161C0EDB2B2AA60C9D /* [CP] Check Pods Manifest.lock */,
				44FA8F4A2D0C10650026C9F1 /* Sources */,
				44FA8F4B2D0C10650026C9F1 /* Frameworks */,
				44FA8F4C2D0C10650026C9F1 /* Resources */,
				0297C1326B6E1B50E2F26415 /* [CP] Embed Pods Frameworks */,
			);
			buildRules = (
			);
			dependencies = (
				44FA8F502D0C10650026C9F1 /* PBXTargetDependency */,
			);
			fileSystemSynchronizedGroups = (
				44FA8F512D0C10650026C9F1 /* DisasterAlertAppUITests */,
			);
			name = DisasterAlertAppUITests;
			productName = DisasterAlertAppUITests;
			productReference = 44FA8F4E2D0C10650026C9F1 /* DisasterAlertAppUITests.xctest */;
			productType = "com.apple.product-type.bundle.ui-testing";
		};
/* End PBXNativeTarget section */

/* Begin PBXProject section */
		44FA8F2B2D0C105F0026C9F1 /* Project object */ = {
			isa = PBXProject;
			attributes = {
				BuildIndependentTargetsInParallel = 1;
				LastSwiftUpdateCheck = 1620;
				LastUpgradeCheck = 1620;
				TargetAttributes = {
					44FA8F322D0C105F0026C9F1 = {
						CreatedOnToolsVersion = 16.2;
					};
					44FA8F432D0C10650026C9F1 = {
						CreatedOnToolsVersion = 16.2;
						TestTargetID = 44FA8F322D0C105F0026C9F1;
					};
					44FA8F4D2D0C10650026C9F1 = {
						CreatedOnToolsVersion = 16.2;
						TestTargetID = 44FA8F322D0C105F0026C9F1;
					};
				};
			};
			buildConfigurationList = 44FA8F2E2D0C105F0026C9F1 /* Build configuration list for PBXProject "DisasterAlertApp" */;
			developmentRegion = en;
			hasScannedForEncodings = 0;
			knownRegions = (
				en,
				Base,
			);
			mainGroup = 44FA8F2A2D0C105F0026C9F1;
			minimizedProjectReferenceProxies = 1;
			preferredProjectObjectVersion = 77;
			productRefGroup = 44FA8F342D0C105F0026C9F1 /* Products */;
			projectDirPath = "";
			projectRoot = "";
			targets = (
				44FA8F322D0C105F0026C9F1 /* DisasterAlertApp */,
				44FA8F432D0C10650026C9F1 /* DisasterAlertAppTests */,
				44FA8F4D2D0C10650026C9F1 /* DisasterAlertAppUITests */,
			);
		};
/* End PBXProject section */

/* Begin PBXResourcesBuildPhase section */
		44FA8F312D0C105F0026C9F1 /* Resources */ = {
			isa = PBXResourcesBuildPhase;
			buildActionMask = 2147483647;
			files = (
			);
			runOnlyForDeploymentPostprocessing = 0;
		};
		44FA8F422D0C10650026C9F1 /* Resources */ = {
			isa = PBXResourcesBuildPhase;
			buildActionMask = 2147483647;
			files = (
			);
			runOnlyForDeploymentPostprocessing = 0;
		};
		44FA8F4C2D0C10650026C9F1 /* Resources */ = {
			isa = PBXResourcesBuildPhase;
			buildActionMask = 2147483647;
			files = (
			);
			runOnlyForDeploymentPostprocessing = 0;
		};
/* End PBXResourcesBuildPhase section */

/* Begin PBXShellScriptBuildPhase section */
		0297C1326B6E1B50E2F26415 /* [CP] Embed Pods Frameworks */ = {
			isa = PBXShellScriptBuildPhase;
			buildActionMask = 2147483647;
			files = (
			);
			inputFileListPaths = (
				"${PODS_ROOT}/Target Support Files/Pods-DisasterAlertApp-DisasterAlertAppUITests/Pods-DisasterAlertApp-DisasterAlertAppUITests-frameworks-${CONFIGURATION}-input-files.xcfilelist",
			);
			name = "[CP] Embed Pods Frameworks";
			outputFileListPaths = (
				"${PODS_ROOT}/Target Support Files/Pods-DisasterAlertApp-DisasterAlertAppUITests/Pods-DisasterAlertApp-DisasterAlertAppUITests-frameworks-${CONFIGURATION}-output-files.xcfilelist",
			);
			runOnlyForDeploymentPostprocessing = 0;
			shellPath = /bin/sh;
			shellScript = "\"${PODS_ROOT}/Target Support Files/Pods-DisasterAlertApp-DisasterAlertAppUITests/Pods-DisasterAlertApp-DisasterAlertAppUITests-frameworks.sh\"\n";
			showEnvVarsInLog = 0;
		};
		158223161C0EDB2B2AA60C9D /* [CP] Check Pods Manifest.lock */ = {
			isa = PBXShellScriptBuildPhase;
			buildActionMask = 2147483647;
			files = (
			);
			inputFileListPaths = (
			);
			inputPaths = (
				"${PODS_PODFILE_DIR_PATH}/Podfile.lock",
				"${PODS_ROOT}/Manifest.lock",
			);
			name = "[CP] Check Pods Manifest.lock";
			outputFileListPaths = (
			);
			outputPaths = (
				"$(DERIVED_FILE_DIR)/Pods-DisasterAlertApp-DisasterAlertAppUITests-checkManifestLockResult.txt",
			);
			runOnlyForDeploymentPostprocessing = 0;
			shellPath = /bin/sh;
			shellScript = "diff \"${PODS_PODFILE_DIR_PATH}/Podfile.lock\" \"${PODS_ROOT}/Manifest.lock\" > /dev/null\nif [ $? != 0 ] ; then\n    # print error to STDERR\n    echo \"error: The sandbox is not in sync with the Podfile.lock. Run 'pod install' or update your CocoaPods installation.\" >&2\n    exit 1\nfi\n# This output is used by Xcode 'outputs' to avoid re-running this script phase.\necho \"SUCCESS\" > \"${SCRIPT_OUTPUT_FILE_0}\"\n";
			showEnvVarsInLog = 0;
		};
		43A127A2D0105F41B171DF8D /* [CP] Check Pods Manifest.lock */ = {
			isa = PBXShellScriptBuildPhase;
			buildActionMask = 2147483647;
			files = (
			);
			inputFileListPaths = (
			);
			inputPaths = (
				"${PODS_PODFILE_DIR_PATH}/Podfile.lock",
				"${PODS_ROOT}/Manifest.lock",
			);
			name = "[CP] Check Pods Manifest.lock";
			outputFileListPaths = (
			);
			outputPaths = (
				"$(DERIVED_FILE_DIR)/Pods-DisasterAlertApp-checkManifestLockResult.txt",
			);
			runOnlyForDeploymentPostprocessing = 0;
			shellPath = /bin/sh;
			shellScript = "diff \"${PODS_PODFILE_DIR_PATH}/Podfile.lock\" \"${PODS_ROOT}/Manifest.lock\" > /dev/null\nif [ $? != 0 ] ; then\n    # print error to STDERR\n    echo \"error: The sandbox is not in sync with the Podfile.lock. Run 'pod install' or update your CocoaPods installation.\" >&2\n    exit 1\nfi\n# This output is used by Xcode 'outputs' to avoid re-running this script phase.\necho \"SUCCESS\" > \"${SCRIPT_OUTPUT_FILE_0}\"\n";
			showEnvVarsInLog = 0;
		};
		F08485FCDFAB8F89CBDD2B61 /* [CP] Embed Pods Frameworks */ = {
			isa = PBXShellScriptBuildPhase;
			buildActionMask = 2147483647;
			files = (
			);
			inputFileListPaths = (
				"${PODS_ROOT}/Target Support Files/Pods-DisasterAlertApp/Pods-DisasterAlertApp-frameworks-${CONFIGURATION}-input-files.xcfilelist",
			);
			name = "[CP] Embed Pods Frameworks";
			outputFileListPaths = (
				"${PODS_ROOT}/Target Support Files/Pods-DisasterAlertApp/Pods-DisasterAlertApp-frameworks-${CONFIGURATION}-output-files.xcfilelist",
			);
			runOnlyForDeploymentPostprocessing = 0;
			shellPath = /bin/sh;
			shellScript = "\"${PODS_ROOT}/Target Support Files/Pods-DisasterAlertApp/Pods-DisasterAlertApp-frameworks.sh\"\n";
			showEnvVarsInLog = 0;
		};
		FF0899845028901EE91D0B45 /* [CP] Check Pods Manifest.lock */ = {
			isa = PBXShellScriptBuildPhase;
			buildActionMask = 2147483647;
			files = (
			);
			inputFileListPaths = (
			);
			inputPaths = (
				"${PODS_PODFILE_DIR_PATH}/Podfile.lock",
				"${PODS_ROOT}/Manifest.lock",
			);
			name = "[CP] Check Pods Manifest.lock";
			outputFileListPaths = (
			);
			outputPaths = (
				"$(DERIVED_FILE_DIR)/Pods-DisasterAlertAppTests-checkManifestLockResult.txt",
			);
			runOnlyForDeploymentPostprocessing = 0;
			shellPath = /bin/sh;
			shellScript = "diff \"${PODS_PODFILE_DIR_PATH}/Podfile.lock\" \"${PODS_ROOT}/Manifest.lock\" > /dev/null\nif [ $? != 0 ] ; then\n    # print error to STDERR\n    echo \"error: The sandbox is not in sync with the Podfile.lock. Run 'pod install' or update your CocoaPods installation.\" >&2\n    exit 1\nfi\n# This output is used by Xcode 'outputs' to avoid re-running this script phase.\necho \"SUCCESS\" > \"${SCRIPT_OUTPUT_FILE_0}\"\n";
			showEnvVarsInLog = 0;
		};
/* End PBXShellScriptBuildPhase section */

/* Begin PBXSourcesBuildPhase section */
		44FA8F2F2D0C105F0026C9F1 /* Sources */ = {
			isa = PBXSourcesBuildPhase;
			buildActionMask = 2147483647;
			files = (
			);
			runOnlyForDeploymentPostprocessing = 0;
		};
		44FA8F402D0C10650026C9F1 /* Sources */ = {
			isa = PBXSourcesBuildPhase;
			buildActionMask = 2147483647;
			files = (
			);
			runOnlyForDeploymentPostprocessing = 0;
		};
		44FA8F4A2D0C10650026C9F1 /* Sources */ = {
			isa = PBXSourcesBuildPhase;
			buildActionMask = 2147483647;
			files = (
			);
			runOnlyForDeploymentPostprocessing = 0;
		};
/* End PBXSourcesBuildPhase section */

/* Begin PBXTargetDependency section */
		44FA8F462D0C10650026C9F1 /* PBXTargetDependency */ = {
			isa = PBXTargetDependency;
			target = 44FA8F322D0C105F0026C9F1 /* DisasterAlertApp */;
			targetProxy = 44FA8F452D0C10650026C9F1 /* PBXContainerItemProxy */;
		};
		44FA8F502D0C10650026C9F1 /* PBXTargetDependency */ = {
			isa = PBXTargetDependency;
			target = 44FA8F322D0C105F0026C9F1 /* DisasterAlertApp */;
			targetProxy = 44FA8F4F2D0C10650026C9F1 /* PBXContainerItemProxy */;
		};
/* End PBXTargetDependency section */

/* Begin XCBuildConfiguration section */
		44FA8F562D0C10650026C9F1 /* Debug */ = {
			isa = XCBuildConfiguration;
			buildSettings = {
				ALWAYS_SEARCH_USER_PATHS = NO;
				ASSETCATALOG_COMPILER_GENERATE_SWIFT_ASSET_SYMBOL_EXTENSIONS = YES;
				CLANG_ANALYZER_NONNULL = YES;
				CLANG_ANALYZER_NUMBER_OBJECT_CONVERSION = YES_AGGRESSIVE;
				CLANG_CXX_LANGUAGE_STANDARD = "gnu++20";
				CLANG_ENABLE_MODULES = YES;
				CLANG_ENABLE_OBJC_ARC = YES;
				CLANG_ENABLE_OBJC_WEAK = YES;
				CLANG_WARN_BLOCK_CAPTURE_AUTORELEASING = YES;
				CLANG_WARN_BOOL_CONVERSION = YES;
				CLANG_WARN_COMMA = YES;
				CLANG_WARN_CONSTANT_CONVERSION = YES;
				CLANG_WARN_DEPRECATED_OBJC_IMPLEMENTATIONS = YES;
				CLANG_WARN_DIRECT_OBJC_ISA_USAGE = YES_ERROR;
				CLANG_WARN_DOCUMENTATION_COMMENTS = YES;
				CLANG_WARN_EMPTY_BODY = YES;
				CLANG_WARN_ENUM_CONVERSION = YES;
				CLANG_WARN_INFINITE_RECURSION = YES;
				CLANG_WARN_INT_CONVERSION = YES;
				CLANG_WARN_NON_LITERAL_NULL_CONVERSION = YES;
				CLANG_WARN_OBJC_IMPLICIT_RETAIN_SELF = YES;
				CLANG_WARN_OBJC_LITERAL_CONVERSION = YES;
				CLANG_WARN_OBJC_ROOT_CLASS = YES_ERROR;
				CLANG_WARN_QUOTED_INCLUDE_IN_FRAMEWORK_HEADER = YES;
				CLANG_WARN_RANGE_LOOP_ANALYSIS = YES;
				CLANG_WARN_STRICT_PROTOTYPES = YES;
				CLANG_WARN_SUSPICIOUS_MOVE = YES;
				CLANG_WARN_UNGUARDED_AVAILABILITY = YES_AGGRESSIVE;
				CLANG_WARN_UNREACHABLE_CODE = YES;
				CLANG_WARN__DUPLICATE_METHOD_MATCH = YES;
				COPY_PHASE_STRIP = NO;
				DEBUG_INFORMATION_FORMAT = dwarf;
				ENABLE_STRICT_OBJC_MSGSEND = YES;
				ENABLE_TESTABILITY = YES;
				ENABLE_USER_SCRIPT_SANDBOXING = YES;
				GCC_C_LANGUAGE_STANDARD = gnu17;
				GCC_DYNAMIC_NO_PIC = NO;
				GCC_NO_COMMON_BLOCKS = YES;
				GCC_OPTIMIZATION_LEVEL = 0;
				GCC_PREPROCESSOR_DEFINITIONS = (
					"DEBUG=1",
					"$(inherited)",
				);
				GCC_WARN_64_TO_32_BIT_CONVERSION = YES;
				GCC_WARN_ABOUT_RETURN_TYPE = YES_ERROR;
				GCC_WARN_UNDECLARED_SELECTOR = YES;
				GCC_WARN_UNINITIALIZED_AUTOS = YES_AGGRESSIVE;
				GCC_WARN_UNUSED_FUNCTION = YES;
				GCC_WARN_UNUSED_VARIABLE = YES;
				LOCALIZATION_PREFERS_STRING_CATALOGS = YES;
				MACOSX_DEPLOYMENT_TARGET = 14.6;
				MTL_ENABLE_DEBUG_INFO = INCLUDE_SOURCE;
				MTL_FAST_MATH = YES;
				ONLY_ACTIVE_ARCH = YES;
				SDKROOT = macosx;
				SWIFT_ACTIVE_COMPILATION_CONDITIONS = "DEBUG $(inherited)";
				SWIFT_OPTIMIZATION_LEVEL = "-Onone";
			};
			name = Debug;
		};
		44FA8F572D0C10650026C9F1 /* Release */ = {
			isa = XCBuildConfiguration;
			buildSettings = {
				ALWAYS_SEARCH_USER_PATHS = NO;
				ASSETCATALOG_COMPILER_GENERATE_SWIFT_ASSET_SYMBOL_EXTENSIONS = YES;
				CLANG_ANALYZER_NONNULL = YES;
				CLANG_ANALYZER_NUMBER_OBJECT_CONVERSION = YES_AGGRESSIVE;
				CLANG_CXX_LANGUAGE_STANDARD = "gnu++20";
				CLANG_ENABLE_MODULES = YES;
				CLANG_ENABLE_OBJC_ARC = YES;
				CLANG_ENABLE_OBJC_WEAK = YES;
				CLANG_WARN_BLOCK_CAPTURE_AUTORELEASING = YES;
				CLANG_WARN_BOOL_CONVERSION = YES;
				CLANG_WARN_COMMA = YES;
				CLANG_WARN_CONSTANT_CONVERSION = YES;
				CLANG_WARN_DEPRECATED_OBJC_IMPLEMENTATIONS = YES;
				CLANG_WARN_DIRECT_OBJC_ISA_USAGE = YES_ERROR;
				CLANG_WARN_DOCUMENTATION_COMMENTS = YES;
				CLANG_WARN_EMPTY_BODY = YES;
				CLANG_WARN_ENUM_CONVERSION = YES;
				CLANG_WARN_INFINITE_RECURSION = YES;
				CLANG_WARN_INT_CONVERSION = YES;
				CLANG_WARN_NON_LITERAL_NULL_CONVERSION = YES;
				CLANG_WARN_OBJC_IMPLICIT_RETAIN_SELF = YES;
				CLANG_WARN_OBJC_LITERAL_CONVERSION = YES;
				CLANG_WARN_OBJC_ROOT_CLASS = YES_ERROR;
				CLANG_WARN_QUOTED_INCLUDE_IN_FRAMEWORK_HEADER = YES;
				CLANG_WARN_RANGE_LOOP_ANALYSIS = YES;
				CLANG_WARN_STRICT_PROTOTYPES = YES;
				CLANG_WARN_SUSPICIOUS_MOVE = YES;
				CLANG_WARN_UNGUARDED_AVAILABILITY = YES_AGGRESSIVE;
				CLANG_WARN_UNREACHABLE_CODE = YES;
				CLANG_WARN__DUPLICATE_METHOD_MATCH = YES;
				COPY_PHASE_STRIP = NO;
				DEBUG_INFORMATION_FORMAT = "dwarf-with-dsym";
				ENABLE_NS_ASSERTIONS = NO;
				ENABLE_STRICT_OBJC_MSGSEND = YES;
				ENABLE_USER_SCRIPT_SANDBOXING = YES;
				GCC_C_LANGUAGE_STANDARD = gnu17;
				GCC_NO_COMMON_BLOCKS = YES;
				GCC_WARN_64_TO_32_BIT_CONVERSION = YES;
				GCC_WARN_ABOUT_RETURN_TYPE = YES_ERROR;
				GCC_WARN_UNDECLARED_SELECTOR = YES;
				GCC_WARN_UNINITIALIZED_AUTOS = YES_AGGRESSIVE;
				GCC_WARN_UNUSED_FUNCTION = YES;
				GCC_WARN_UNUSED_VARIABLE = YES;
				LOCALIZATION_PREFERS_STRING_CATALOGS = YES;
				MACOSX_DEPLOYMENT_TARGET = 14.6;
				MTL_ENABLE_DEBUG_INFO = NO;
				MTL_FAST_MATH = YES;
				SDKROOT = macosx;
				SWIFT_COMPILATION_MODE = wholemodule;
			};
			name = Release;
		};
		44FA8F592D0C10650026C9F1 /* Debug */ = {
			isa = XCBuildConfiguration;
			baseConfigurationReference = A291B9365A56C07BF47626FA /* Pods-DisasterAlertApp.debug.xcconfig */;
			buildSettings = {
				ASSETCATALOG_COMPILER_APPICON_NAME = AppIcon;
				ASSETCATALOG_COMPILER_GLOBAL_ACCENT_COLOR_NAME = AccentColor;
				CODE_SIGN_ENTITLEMENTS = DisasterAlertApp/DisasterAlertApp.entitlements;
				CODE_SIGN_STYLE = Automatic;
				COMBINE_HIDPI_IMAGES = YES;
				CURRENT_PROJECT_VERSION = 1;
				DEVELOPMENT_ASSET_PATHS = "\"DisasterAlertApp/Preview Content\"";
				ENABLE_PREVIEWS = YES;
				FRAMEWORK_SEARCH_PATHS = (
					"$(inherited)",
					"\"${PODS_CONFIGURATION_BUILD_DIR}/AWSAuthCore\"",
					"\"${PODS_CONFIGURATION_BUILD_DIR}/AWSCognitoIdentityProvider\"",
					"\"${PODS_CONFIGURATION_BUILD_DIR}/AWSCognitoIdentityProviderASF\"",
					"\"${PODS_CONFIGURATION_BUILD_DIR}/AWSCore\"",
					"\"${PODS_CONFIGURATION_BUILD_DIR}/AWSMobileClient\"",
					"\"${PODS_CONFIGURATION_BUILD_DIR}/AWSSNS\"",
					"${PODS_CONFIGURATION_BUILD_DIR}/$(CONFIGURATION)$(EFFECTIVE_PLATFORM_NAME)",
				);
				GENERATE_INFOPLIST_FILE = YES;
				INFOPLIST_KEY_NSHumanReadableCopyright = "";
				LD_RUNPATH_SEARCH_PATHS = (
					"$(inherited)",
					"@executable_path/../Frameworks",
				);
				MARKETING_VERSION = 1.0;
				PRODUCT_BUNDLE_IDENTIFIER = com.deepLearning.DisasterAlertApp;
				PRODUCT_NAME = "$(TARGET_NAME)";
				SUPPORTED_PLATFORMS = "iphoneos iphonesimulator macosx";
				SUPPORTS_MACCATALYST = NO;
				SWIFT_EMIT_LOC_STRINGS = YES;
				SWIFT_VERSION = 5.0;
				TARGETED_DEVICE_FAMILY = 1;
			};
			name = Debug;
		};
		44FA8F5A2D0C10650026C9F1 /* Release */ = {
			isa = XCBuildConfiguration;
			baseConfigurationReference = 956A0AB5DC41BD24CAAD9631 /* Pods-DisasterAlertApp.release.xcconfig */;
			buildSettings = {
				ASSETCATALOG_COMPILER_APPICON_NAME = AppIcon;
				ASSETCATALOG_COMPILER_GLOBAL_ACCENT_COLOR_NAME = AccentColor;
				CODE_SIGN_ENTITLEMENTS = DisasterAlertApp/DisasterAlertApp.entitlements;
				CODE_SIGN_STYLE = Automatic;
				COMBINE_HIDPI_IMAGES = YES;
				CURRENT_PROJECT_VERSION = 1;
				DEVELOPMENT_ASSET_PATHS = "\"DisasterAlertApp/Preview Content\"";
				ENABLE_PREVIEWS = YES;
				FRAMEWORK_SEARCH_PATHS = (
					"$(inherited)",
					"\"${PODS_CONFIGURATION_BUILD_DIR}/AWSAuthCore\"",
					"\"${PODS_CONFIGURATION_BUILD_DIR}/AWSCognitoIdentityProvider\"",
					"\"${PODS_CONFIGURATION_BUILD_DIR}/AWSCognitoIdentityProviderASF\"",
					"\"${PODS_CONFIGURATION_BUILD_DIR}/AWSCore\"",
					"\"${PODS_CONFIGURATION_BUILD_DIR}/AWSMobileClient\"",
					"\"${PODS_CONFIGURATION_BUILD_DIR}/AWSSNS\"",
					"${PODS_CONFIGURATION_BUILD_DIR}/$(CONFIGURATION)$(EFFECTIVE_PLATFORM_NAME)",
				);
				GENERATE_INFOPLIST_FILE = YES;
				INFOPLIST_KEY_NSHumanReadableCopyright = "";
				LD_RUNPATH_SEARCH_PATHS = (
					"$(inherited)",
					"@executable_path/../Frameworks",
				);
				MARKETING_VERSION = 1.0;
				PRODUCT_BUNDLE_IDENTIFIER = com.deepLearning.DisasterAlertApp;
				PRODUCT_NAME = "$(TARGET_NAME)";
				SUPPORTED_PLATFORMS = "iphoneos iphonesimulator macosx";
				SUPPORTS_MACCATALYST = NO;
				SWIFT_EMIT_LOC_STRINGS = YES;
				SWIFT_VERSION = 5.0;
				TARGETED_DEVICE_FAMILY = 1;
			};
			name = Release;
		};
		44FA8F5C2D0C10650026C9F1 /* Debug */ = {
			isa = XCBuildConfiguration;
			baseConfigurationReference = 68F9F5987111A2590271DD17 /* Pods-DisasterAlertAppTests.debug.xcconfig */;
			buildSettings = {
				BUNDLE_LOADER = "$(TEST_HOST)";
				CODE_SIGN_STYLE = Automatic;
				CURRENT_PROJECT_VERSION = 1;
				GENERATE_INFOPLIST_FILE = YES;
				MACOSX_DEPLOYMENT_TARGET = 14.6;
				MARKETING_VERSION = 1.0;
				PRODUCT_BUNDLE_IDENTIFIER = com.deepLearning.DisasterAlertAppTests;
				PRODUCT_NAME = "$(TARGET_NAME)";
				SWIFT_EMIT_LOC_STRINGS = NO;
				SWIFT_VERSION = 5.0;
				TEST_HOST = "$(BUILT_PRODUCTS_DIR)/DisasterAlertApp.app/$(BUNDLE_EXECUTABLE_FOLDER_PATH)/DisasterAlertApp";
			};
			name = Debug;
		};
		44FA8F5D2D0C10650026C9F1 /* Release */ = {
			isa = XCBuildConfiguration;
			baseConfigurationReference = CE9A832EDF710A87D8F8A0CB /* Pods-DisasterAlertAppTests.release.xcconfig */;
			buildSettings = {
				BUNDLE_LOADER = "$(TEST_HOST)";
				CODE_SIGN_STYLE = Automatic;
				CURRENT_PROJECT_VERSION = 1;
				GENERATE_INFOPLIST_FILE = YES;
				MACOSX_DEPLOYMENT_TARGET = 14.6;
				MARKETING_VERSION = 1.0;
				PRODUCT_BUNDLE_IDENTIFIER = com.deepLearning.DisasterAlertAppTests;
				PRODUCT_NAME = "$(TARGET_NAME)";
				SWIFT_EMIT_LOC_STRINGS = NO;
				SWIFT_VERSION = 5.0;
				TEST_HOST = "$(BUILT_PRODUCTS_DIR)/DisasterAlertApp.app/$(BUNDLE_EXECUTABLE_FOLDER_PATH)/DisasterAlertApp";
			};
			name = Release;
		};
		44FA8F5F2D0C10650026C9F1 /* Debug */ = {
			isa = XCBuildConfiguration;
			baseConfigurationReference = BEB957AD6689D64F16348B92 /* Pods-DisasterAlertApp-DisasterAlertAppUITests.debug.xcconfig */;
			buildSettings = {
				CODE_SIGN_STYLE = Automatic;
				CURRENT_PROJECT_VERSION = 1;
				GENERATE_INFOPLIST_FILE = YES;
				MARKETING_VERSION = 1.0;
				PRODUCT_BUNDLE_IDENTIFIER = com.deepLearning.DisasterAlertAppUITests;
				PRODUCT_NAME = "$(TARGET_NAME)";
				SWIFT_EMIT_LOC_STRINGS = NO;
				SWIFT_VERSION = 5.0;
				TEST_TARGET_NAME = DisasterAlertApp;
			};
			name = Debug;
		};
		44FA8F602D0C10650026C9F1 /* Release */ = {
			isa = XCBuildConfiguration;
			baseConfigurationReference = 4DC2AAA6F8F1CEF6AC74647D /* Pods-DisasterAlertApp-DisasterAlertAppUITests.release.xcconfig */;
			buildSettings = {
				CODE_SIGN_STYLE = Automatic;
				CURRENT_PROJECT_VERSION = 1;
				GENERATE_INFOPLIST_FILE = YES;
				MARKETING_VERSION = 1.0;
				PRODUCT_BUNDLE_IDENTIFIER = com.deepLearning.DisasterAlertAppUITests;
				PRODUCT_NAME = "$(TARGET_NAME)";
				SWIFT_EMIT_LOC_STRINGS = NO;
				SWIFT_VERSION = 5.0;
				TEST_TARGET_NAME = DisasterAlertApp;
			};
			name = Release;
		};
/* End XCBuildConfiguration section */

/* Begin XCConfigurationList section */
		44FA8F2E2D0C105F0026C9F1 /* Build configuration list for PBXProject "DisasterAlertApp" */ = {
			isa = XCConfigurationList;
			buildConfigurations = (
				44FA8F562D0C10650026C9F1 /* Debug */,
				44FA8F572D0C10650026C9F1 /* Release */,
			);
			defaultConfigurationIsVisible = 0;
			defaultConfigurationName = Release;
		};
		44FA8F582D0C10650026C9F1 /* Build configuration list for PBXNativeTarget "DisasterAlertApp" */ = {
			isa = XCConfigurationList;
			buildConfigurations = (
				44FA8F592D0C10650026C9F1 /* Debug */,
				44FA8F5A2D0C10650026C9F1 /* Release */,
			);
			defaultConfigurationIsVisible = 0;
			defaultConfigurationName = Release;
		};
		44FA8F5B2D0C10650026C9F1 /* Build configuration list for PBXNativeTarget "DisasterAlertAppTests" */ = {
			isa = XCConfigurationList;
			buildConfigurations = (
				44FA8F5C2D0C10650026C9F1 /* Debug */,
				44FA8F5D2D0C10650026C9F1 /* Release */,
			);
			defaultConfigurationIsVisible = 0;
			defaultConfigurationName = Release;
		};
		44FA8F5E2D0C10650026C9F1 /* Build configuration list for PBXNativeTarget "DisasterAlertAppUITests" */ = {
			isa = XCConfigurationList;
			buildConfigurations = (
				44FA8F5F2D0C10650026C9F1 /* Debug */,
				44FA8F602D0C10650026C9F1 /* Release */,
			);
			defaultConfigurationIsVisible = 0;
			defaultConfigurationName = Release;
		};
/* End XCConfigurationList section */
	};
	rootObject = 44FA8F2B2D0C105F0026C9F1 /* Project object */;
}
